// !$*UTF8*$!
{
	archiveVersion = 1;
	classes = {
	};
	objectVersion = 50;
	objects = {

/* Begin PBXBuildFile section */
		C8BBD347252BA3F0009ADE46 /* AppDelegate.swift in Sources */ = {isa = PBXBuildFile; fileRef = C8BBD346252BA3F0009ADE46 /* AppDelegate.swift */; };
		C8BBD34D252BA3F0009ADE46 /* GameScene.swift in Sources */ = {isa = PBXBuildFile; fileRef = C8BBD34C252BA3F0009ADE46 /* GameScene.swift */; };
		C8BBD34F252BA3F0009ADE46 /* GameViewController.swift in Sources */ = {isa = PBXBuildFile; fileRef = C8BBD34E252BA3F0009ADE46 /* GameViewController.swift */; };
		C8BBD352252BA3F0009ADE46 /* Main.storyboard in Resources */ = {isa = PBXBuildFile; fileRef = C8BBD350252BA3F0009ADE46 /* Main.storyboard */; };
		C8BBD354252BA3F0009ADE46 /* Assets.xcassets in Resources */ = {isa = PBXBuildFile; fileRef = C8BBD353252BA3F0009ADE46 /* Assets.xcassets */; };
		C8BBD35E252BA49B009ADE46 /* StageScene.sks in Resources */ = {isa = PBXBuildFile; fileRef = C8BBD35D252BA49B009ADE46 /* StageScene.sks */; };
/* End PBXBuildFile section */

/* Begin PBXFileReference section */
		C8BBD343252BA3F0009ADE46 /* Shoot-Ducks.app */ = {isa = PBXFileReference; explicitFileType = wrapper.application; includeInIndex = 0; path = "Shoot-Ducks.app"; sourceTree = BUILT_PRODUCTS_DIR; };
		C8BBD346252BA3F0009ADE46 /* AppDelegate.swift */ = {isa = PBXFileReference; lastKnownFileType = sourcecode.swift; path = AppDelegate.swift; sourceTree = "<group>"; };
		C8BBD34C252BA3F0009ADE46 /* GameScene.swift */ = {isa = PBXFileReference; lastKnownFileType = sourcecode.swift; path = GameScene.swift; sourceTree = "<group>"; };
		C8BBD34E252BA3F0009ADE46 /* GameViewController.swift */ = {isa = PBXFileReference; lastKnownFileType = sourcecode.swift; path = GameViewController.swift; sourceTree = "<group>"; };
		C8BBD351252BA3F0009ADE46 /* Base */ = {isa = PBXFileReference; lastKnownFileType = file.storyboard; name = Base; path = Base.lproj/Main.storyboard; sourceTree = "<group>"; };
		C8BBD353252BA3F0009ADE46 /* Assets.xcassets */ = {isa = PBXFileReference; lastKnownFileType = folder.assetcatalog; path = Assets.xcassets; sourceTree = "<group>"; };
		C8BBD355252BA3F0009ADE46 /* Info.plist */ = {isa = PBXFileReference; lastKnownFileType = text.plist.xml; path = Info.plist; sourceTree = "<group>"; };
		C8BBD35D252BA49B009ADE46 /* StageScene.sks */ = {isa = PBXFileReference; lastKnownFileType = file.sks; path = StageScene.sks; sourceTree = "<group>"; };
/* End PBXFileReference section */

/* Begin PBXFrameworksBuildPhase section */
		C8BBD340252BA3F0009ADE46 /* Frameworks */ = {
			isa = PBXFrameworksBuildPhase;
			buildActionMask = 2147483647;
			files = (
			);
			runOnlyForDeploymentPostprocessing = 0;
		};
/* End PBXFrameworksBuildPhase section */

/* Begin PBXGroup section */
		C8BBD33A252BA3F0009ADE46 = {
			isa = PBXGroup;
			children = (
				C8BBD345252BA3F0009ADE46 /* Shoot-Ducks */,
				C8BBD344252BA3F0009ADE46 /* Products */,
			);
			sourceTree = "<group>";
		};
		C8BBD344252BA3F0009ADE46 /* Products */ = {
			isa = PBXGroup;
			children = (
				C8BBD343252BA3F0009ADE46 /* Shoot-Ducks.app */,
			);
			name = Products;
			sourceTree = "<group>";
		};
		C8BBD345252BA3F0009ADE46 /* Shoot-Ducks */ = {
			isa = PBXGroup;
			children = (
				C8BBD346252BA3F0009ADE46 /* AppDelegate.swift */,
				C8BBD34C252BA3F0009ADE46 /* GameScene.swift */,
				C8BBD34E252BA3F0009ADE46 /* GameViewController.swift */,
				C8BBD35D252BA49B009ADE46 /* StageScene.sks */,
				C8BBD350252BA3F0009ADE46 /* Main.storyboard */,
				C8BBD353252BA3F0009ADE46 /* Assets.xcassets */,
				C8BBD355252BA3F0009ADE46 /* Info.plist */,
			);
			path = "Shoot-Ducks";
			sourceTree = "<group>";
		};
/* End PBXGroup section */

/* Begin PBXNativeTarget section */
		C8BBD342252BA3F0009ADE46 /* Shoot-Ducks */ = {
			isa = PBXNativeTarget;
			buildConfigurationList = C8BBD358252BA3F0009ADE46 /* Build configuration list for PBXNativeTarget "Shoot-Ducks" */;
			buildPhases = (
				C8BBD33F252BA3F0009ADE46 /* Sources */,
				C8BBD340252BA3F0009ADE46 /* Frameworks */,
				C8BBD341252BA3F0009ADE46 /* Resources */,
			);
			buildRules = (
			);
			dependencies = (
			);
			name = "Shoot-Ducks";
			productName = "Shoot-Ducks";
			productReference = C8BBD343252BA3F0009ADE46 /* Shoot-Ducks.app */;
			productType = "com.apple.product-type.application";
		};
/* End PBXNativeTarget section */

/* Begin PBXProject section */
		C8BBD33B252BA3F0009ADE46 /* Project object */ = {
			isa = PBXProject;
			attributes = {
				LastSwiftUpdateCheck = 1200;
				LastUpgradeCheck = 1200;
				TargetAttributes = {
					C8BBD342252BA3F0009ADE46 = {
						CreatedOnToolsVersion = 12.0.1;
					};
				};
			};
			buildConfigurationList = C8BBD33E252BA3F0009ADE46 /* Build configuration list for PBXProject "Shoot-Ducks" */;
			compatibilityVersion = "Xcode 9.3";
			developmentRegion = en;
			hasScannedForEncodings = 0;
			knownRegions = (
				en,
				Base,
			);
			mainGroup = C8BBD33A252BA3F0009ADE46;
			productRefGroup = C8BBD344252BA3F0009ADE46 /* Products */;
			projectDirPath = "";
			projectRoot = "";
			targets = (
				C8BBD342252BA3F0009ADE46 /* Shoot-Ducks */,
			);
		};
/* End PBXProject section */

/* Begin PBXResourcesBuildPhase section */
		C8BBD341252BA3F0009ADE46 /* Resources */ = {
			isa = PBXResourcesBuildPhase;
			buildActionMask = 2147483647;
			files = (
				C8BBD35E252BA49B009ADE46 /* StageScene.sks in Resources */,
				C8BBD352252BA3F0009ADE46 /* Main.storyboard in Resources */,
				C8BBD354252BA3F0009ADE46 /* Assets.xcassets in Resources */,
			);
			runOnlyForDeploymentPostprocessing = 0;
		};
/* End PBXResourcesBuildPhase section */

/* Begin PBXSourcesBuildPhase section */
		C8BBD33F252BA3F0009ADE46 /* Sources */ = {
			isa = PBXSourcesBuildPhase;
			buildActionMask = 2147483647;
			files = (
				C8BBD34D252BA3F0009ADE46 /* GameScene.swift in Sources */,
				C8BBD34F252BA3F0009ADE46 /* GameViewController.swift in Sources */,
				C8BBD347252BA3F0009ADE46 /* AppDelegate.swift in Sources */,
			);
			runOnlyForDeploymentPostprocessing = 0;
		};
/* End PBXSourcesBuildPhase section */

/* Begin PBXVariantGroup section */
		C8BBD350252BA3F0009ADE46 /* Main.storyboard */ = {
			isa = PBXVariantGroup;
			children = (
				C8BBD351252BA3F0009ADE46 /* Base */,
			);
			name = Main.storyboard;
			sourceTree = "<group>";
		};
/* End PBXVariantGroup section */

/* Begin XCBuildConfiguration section */
		C8BBD356252BA3F0009ADE46 /* Debug */ = {
			isa = XCBuildConfiguration;
			buildSettings = {
				ALWAYS_SEARCH_USER_PATHS = NO;
				CLANG_ANALYZER_NONNULL = YES;
				CLANG_ANALYZER_NUMBER_OBJECT_CONVERSION = YES_AGGRESSIVE;
				CLANG_CXX_LANGUAGE_STANDARD = "gnu++14";
				CLANG_CXX_LIBRARY = "libc++";
				CLANG_ENABLE_MODULES = YES;
				CLANG_ENABLE_OBJC_ARC = YES;
				CLANG_ENABLE_OBJC_WEAK = YES;
				CLANG_WARN_BLOCK_CAPTURE_AUTORELEASING = YES;
				CLANG_WARN_BOOL_CONVERSION = YES;
				CLANG_WARN_COMMA = YES;
				CLANG_WARN_CONSTANT_CONVERSION = YES;
				CLANG_WARN_DEPRECATED_OBJC_IMPLEMENTATIONS = YES;
				CLANG_WARN_DIRECT_OBJC_ISA_USAGE = YES_ERROR;
				CLANG_WARN_DOCUMENTATION_COMMENTS = YES;
				CLANG_WARN_EMPTY_BODY = YES;
				CLANG_WARN_ENUM_CONVERSION = YES;
				CLANG_WARN_INFINITE_RECURSION = YES;
				CLANG_WARN_INT_CONVERSION = YES;
				CLANG_WARN_NON_LITERAL_NULL_CONVERSION = YES;
				CLANG_WARN_OBJC_IMPLICIT_RETAIN_SELF = YES;
				CLANG_WARN_OBJC_LITERAL_CONVERSION = YES;
				CLANG_WARN_OBJC_ROOT_CLASS = YES_ERROR;
				CLANG_WARN_QUOTED_INCLUDE_IN_FRAMEWORK_HEADER = YES;
				CLANG_WARN_RANGE_LOOP_ANALYSIS = YES;
				CLANG_WARN_STRICT_PROTOTYPES = YES;
				CLANG_WARN_SUSPICIOUS_MOVE = YES;
				CLANG_WARN_UNGUARDED_AVAILABILITY = YES_AGGRESSIVE;
				CLANG_WARN_UNREACHABLE_CODE = YES;
				CLANG_WARN__DUPLICATE_METHOD_MATCH = YES;
				COPY_PHASE_STRIP = NO;
				DEBUG_INFORMATION_FORMAT = dwarf;
				ENABLE_STRICT_OBJC_MSGSEND = YES;
				ENABLE_TESTABILITY = YES;
				GCC_C_LANGUAGE_STANDARD = gnu11;
				GCC_DYNAMIC_NO_PIC = NO;
				GCC_NO_COMMON_BLOCKS = YES;
				GCC_OPTIMIZATION_LEVEL = 0;
				GCC_PREPROCESSOR_DEFINITIONS = (
					"DEBUG=1",
					"$(inherited)",
				);
				GCC_WARN_64_TO_32_BIT_CONVERSION = YES;
				GCC_WARN_ABOUT_RETURN_TYPE = YES_ERROR;
				GCC_WARN_UNDECLARED_SELECTOR = YES;
				GCC_WARN_UNINITIALIZED_AUTOS = YES_AGGRESSIVE;
				GCC_WARN_UNUSED_FUNCTION = YES;
				GCC_WARN_UNUSED_VARIABLE = YES;
				IPHONEOS_DEPLOYMENT_TARGET = 14.0;
				MTL_ENABLE_DEBUG_INFO = INCLUDE_SOURCE;
				MTL_FAST_MATH = YES;
				ONLY_ACTIVE_ARCH = YES;
				SDKROOT = iphoneos;
				SWIFT_ACTIVE_COMPILATION_CONDITIONS = DEBUG;
				SWIFT_OPTIMIZATION_LEVEL = "-Onone";
			};
			name = Debug;
		};
		C8BBD357252BA3F0009ADE46 /* Release */ = {
			isa = XCBuildConfiguration;
			buildSettings = {
				ALWAYS_SEARCH_USER_PATHS = NO;
				CLANG_ANALYZER_NONNULL = YES;
				CLANG_ANALYZER_NUMBER_OBJECT_CONVERSION = YES_AGGRESSIVE;
				CLANG_CXX_LANGUAGE_STANDARD = "gnu++14";
				CLANG_CXX_LIBRARY = "libc++";
				CLANG_ENABLE_MODULES = YES;
				CLANG_ENABLE_OBJC_ARC = YES;
				CLANG_ENABLE_OBJC_WEAK = YES;
				CLANG_WARN_BLOCK_CAPTURE_AUTORELEASING = YES;
				CLANG_WARN_BOOL_CONVERSION = YES;
				CLANG_WARN_COMMA = YES;
				CLANG_WARN_CONSTANT_CONVERSION = YES;
				CLANG_WARN_DEPRECATED_OBJC_IMPLEMENTATIONS = YES;
				CLANG_WARN_DIRECT_OBJC_ISA_USAGE = YES_ERROR;
				CLANG_WARN_DOCUMENTATION_COMMENTS = YES;
				CLANG_WARN_EMPTY_BODY = YES;
				CLANG_WARN_ENUM_CONVERSION = YES;
				CLANG_WARN_INFINITE_RECURSION = YES;
				CLANG_WARN_INT_CONVERSION = YES;
				CLANG_WARN_NON_LITERAL_NULL_CONVERSION = YES;
				CLANG_WARN_OBJC_IMPLICIT_RETAIN_SELF = YES;
				CLANG_WARN_OBJC_LITERAL_CONVERSION = YES;
				CLANG_WARN_OBJC_ROOT_CLASS = YES_ERROR;
				CLANG_WARN_QUOTED_INCLUDE_IN_FRAMEWORK_HEADER = YES;
				CLANG_WARN_RANGE_LOOP_ANALYSIS = YES;
				CLANG_WARN_STRICT_PROTOTYPES = YES;
				CLANG_WARN_SUSPICIOUS_MOVE = YES;
				CLANG_WARN_UNGUARDED_AVAILABILITY = YES_AGGRESSIVE;
				CLANG_WARN_UNREACHABLE_CODE = YES;
				CLANG_WARN__DUPLICATE_METHOD_MATCH = YES;
				COPY_PHASE_STRIP = NO;
				DEBUG_INFORMATION_FORMAT = "dwarf-with-dsym";
				ENABLE_NS_ASSERTIONS = NO;
				ENABLE_STRICT_OBJC_MSGSEND = YES;
				GCC_C_LANGUAGE_STANDARD = gnu11;
				GCC_NO_COMMON_BLOCKS = YES;
				GCC_WARN_64_TO_32_BIT_CONVERSION = YES;
				GCC_WARN_ABOUT_RETURN_TYPE = YES_ERROR;
				GCC_WARN_UNDECLARED_SELECTOR = YES;
				GCC_WARN_UNINITIALIZED_AUTOS = YES_AGGRESSIVE;
				GCC_WARN_UNUSED_FUNCTION = YES;
				GCC_WARN_UNUSED_VARIABLE = YES;
				IPHONEOS_DEPLOYMENT_TARGET = 14.0;
				MTL_ENABLE_DEBUG_INFO = NO;
				MTL_FAST_MATH = YES;
				SDKROOT = iphoneos;
				SWIFT_COMPILATION_MODE = wholemodule;
				SWIFT_OPTIMIZATION_LEVEL = "-O";
				VALIDATE_PRODUCT = YES;
			};
			name = Release;
		};
		C8BBD359252BA3F0009ADE46 /* Debug */ = {
			isa = XCBuildConfiguration;
			buildSettings = {
				ASSETCATALOG_COMPILER_APPICON_NAME = AppIcon;
				ASSETCATALOG_COMPILER_GLOBAL_ACCENT_COLOR_NAME = AccentColor;
				CODE_SIGN_STYLE = Automatic;
				INFOPLIST_FILE = "Shoot-Ducks/Info.plist";
				LD_RUNPATH_SEARCH_PATHS = (
					"$(inherited)",
					"@executable_path/Frameworks",
				);
				PRODUCT_BUNDLE_IDENTIFIER = "com.xpp.Shoot-Ducks";
				PRODUCT_NAME = "$(TARGET_NAME)";
				SWIFT_VERSION = 5.0;
				TARGETED_DEVICE_FAMILY = "1,2";
			};
			name = Debug;
		};
		C8BBD35A252BA3F0009ADE46 /* Release */ = {
			isa = XCBuildConfiguration;
			buildSettings = {
				ASSETCATALOG_COMPILER_APPICON_NAME = AppIcon;
				ASSETCATALOG_COMPILER_GLOBAL_ACCENT_COLOR_NAME = AccentColor;
				CODE_SIGN_STYLE = Automatic;
				INFOPLIST_FILE = "Shoot-Ducks/Info.plist";
				LD_RUNPATH_SEARCH_PATHS = (
					"$(inherited)",
					"@executable_path/Frameworks",
				);
				PRODUCT_BUNDLE_IDENTIFIER = "com.xpp.Shoot-Ducks";
				PRODUCT_NAME = "$(TARGET_NAME)";
				SWIFT_VERSION = 5.0;
				TARGETED_DEVICE_FAMILY = "1,2";
			};
			name = Release;
		};
/* End XCBuildConfiguration section */

/* Begin XCConfigurationList section */
		C8BBD33E252BA3F0009ADE46 /* Build configuration list for PBXProject "Shoot-Ducks" */ = {
			isa = XCConfigurationList;
			buildConfigurations = (
				C8BBD356252BA3F0009ADE46 /* Debug */,
				C8BBD357252BA3F0009ADE46 /* Release */,
			);
			defaultConfigurationIsVisible = 0;
			defaultConfigurationName = Release;
		};
		C8BBD358252BA3F0009ADE46 /* Build configuration list for PBXNativeTarget "Shoot-Ducks" */ = {
			isa = XCConfigurationList;
			buildConfigurations = (
				C8BBD359252BA3F0009ADE46 /* Debug */,
				C8BBD35A252BA3F0009ADE46 /* Release */,
			);
			defaultConfigurationIsVisible = 0;
			defaultConfigurationName = Release;
		};
/* End XCConfigurationList section */
	};
	rootObject = C8BBD33B252BA3F0009ADE46 /* Project object */;
}
